
Microsoft Visual Studio Solution File, Format Version 12.00
# Visual Studio Version 17
VisualStudioVersion = 17.0.32112.339
MinimumVisualStudioVersion = 10.0.40219.1
Project("{FAE04EC0-301F-11D3-BF4B-00C04F79EFBC}") = "Skola_Bank_Server", "Skola_Bank_Server\Skola_Bank_Server.csproj", "{FCAFA9D9-6430-49E8-A63D-91A703E05CCA}"
EndProject
Global
	GlobalSection(SolutionConfigurationPlatforms) = preSolution
		Debug|Any CPU = Debug|Any CPU
		Release|Any CPU = Release|Any CPU
	EndGlobalSection
	GlobalSection(ProjectConfigurationPlatforms) = postSolution
		{FCAFA9D9-6430-49E8-A63D-91A703E05CCA}.Debug|Any CPU.ActiveCfg = Debug|Any CPU
		{FCAFA9D9-6430-49E8-A63D-91A703E05CCA}.Debug|Any CPU.Build.0 = Debug|Any CPU
		{FCAFA9D9-6430-49E8-A63D-91A703E05CCA}.Release|Any CPU.ActiveCfg = Release|Any CPU
		{FCAFA9D9-6430-49E8-A63D-91A703E05CCA}.Release|Any CPU.Build.0 = Release|Any CPU
	EndGlobalSection
	GlobalSection(SolutionProperties) = preSolution
		HideSolutionNode = FALSE
	EndGlobalSection
	GlobalSection(ExtensibilityGlobals) = postSolution
		SolutionGuid = {D16422E3-9277-45C8-81C9-3726F1747B37}
	EndGlobalSection
EndGlobal
